
Microsoft Visual Studio Solution File, Format Version 12.00
# Visual Studio 14
VisualStudioVersion = 14.0.25420.1
MinimumVisualStudioVersion = 10.0.40219.1
Project("{FAE04EC0-301F-11D3-BF4B-00C04F79EFBC}") = "CoolProxyServer", "CoolProxyServer\CoolProxyServer.csproj", "{2B282ECC-580A-4993-893B-6FA7E27E0A29}"
EndProject
Project("{FAE04EC0-301F-11D3-BF4B-00C04F79EFBC}") = "DAL", "DAL\DAL.csproj", "{95A0B392-E690-4C7C-B4E4-B9D901BAC94A}"
EndProject
Project("{FAE04EC0-301F-11D3-BF4B-00C04F79EFBC}") = "ORM", "ORM\ORM.csproj", "{9E4EA609-29C7-414D-B32B-0EF79C24D73A}"
EndProject
Global
	GlobalSection(SolutionConfigurationPlatforms) = preSolution
		Debug|Any CPU = Debug|Any CPU
		Release|Any CPU = Release|Any CPU
	EndGlobalSection
	GlobalSection(ProjectConfigurationPlatforms) = postSolution
		{2B282ECC-580A-4993-893B-6FA7E27E0A29}.Debug|Any CPU.ActiveCfg = Debug|Any CPU
		{2B282ECC-580A-4993-893B-6FA7E27E0A29}.Debug|Any CPU.Build.0 = Debug|Any CPU
		{2B282ECC-580A-4993-893B-6FA7E27E0A29}.Release|Any CPU.ActiveCfg = Release|Any CPU
		{2B282ECC-580A-4993-893B-6FA7E27E0A29}.Release|Any CPU.Build.0 = Release|Any CPU
		{95A0B392-E690-4C7C-B4E4-B9D901BAC94A}.Debug|Any CPU.ActiveCfg = Debug|Any CPU
		{95A0B392-E690-4C7C-B4E4-B9D901BAC94A}.Debug|Any CPU.Build.0 = Debug|Any CPU
		{95A0B392-E690-4C7C-B4E4-B9D901BAC94A}.Release|Any CPU.ActiveCfg = Release|Any CPU
		{95A0B392-E690-4C7C-B4E4-B9D901BAC94A}.Release|Any CPU.Build.0 = Release|Any CPU
		{9E4EA609-29C7-414D-B32B-0EF79C24D73A}.Debug|Any CPU.ActiveCfg = Debug|Any CPU
		{9E4EA609-29C7-414D-B32B-0EF79C24D73A}.Debug|Any CPU.Build.0 = Debug|Any CPU
		{9E4EA609-29C7-414D-B32B-0EF79C24D73A}.Release|Any CPU.ActiveCfg = Release|Any CPU
		{9E4EA609-29C7-414D-B32B-0EF79C24D73A}.Release|Any CPU.Build.0 = Release|Any CPU
	EndGlobalSection
	GlobalSection(SolutionProperties) = preSolution
		HideSolutionNode = FALSE
	EndGlobalSection
EndGlobal
